
Microsoft Visual Studio Solution File, Format Version 12.00
# Visual Studio Version 17
VisualStudioVersion = 17.9.34714.143
MinimumVisualStudioVersion = 10.0.40219.1
Project("{9A19103F-16F7-4668-BE54-9A1E7A4F7556}") = "GoalBar", "GoalBar.csproj", "{F69D8FCF-DC2E-4773-93AC-37659AF38191}"
EndProject
Global
	GlobalSection(SolutionConfigurationPlatforms) = preSolution
		Debug|Any CPU = Debug|Any CPU
		Debug|x64 = Debug|x64
		Release|Any CPU = Release|Any CPU
		Release|x64 = Release|x64
	EndGlobalSection
	GlobalSection(ProjectConfigurationPlatforms) = postSolution
		{F69D8FCF-DC2E-4773-93AC-37659AF38191}.Debug|Any CPU.ActiveCfg = Debug|Any CPU
		{F69D8FCF-DC2E-4773-93AC-37659AF38191}.Debug|Any CPU.Build.0 = Debug|Any CPU
		{F69D8FCF-DC2E-4773-93AC-37659AF38191}.Debug|x64.ActiveCfg = Debug|x64
		{F69D8FCF-DC2E-4773-93AC-37659AF38191}.Debug|x64.Build.0 = Debug|x64
		{F69D8FCF-DC2E-4773-93AC-37659AF38191}.Release|Any CPU.ActiveCfg = Release|Any CPU
		{F69D8FCF-DC2E-4773-93AC-37659AF38191}.Release|Any CPU.Build.0 = Release|Any CPU
		{F69D8FCF-DC2E-4773-93AC-37659AF38191}.Release|x64.ActiveCfg = Release|x64
		{F69D8FCF-DC2E-4773-93AC-37659AF38191}.Release|x64.Build.0 = Release|x64
	EndGlobalSection
	GlobalSection(SolutionProperties) = preSolution
		HideSolutionNode = FALSE
	EndGlobalSection
	GlobalSection(ExtensibilityGlobals) = postSolution
		SolutionGuid = {DD6ED4BC-A3BA-4FC4-86D7-B17F18C32D6A}
	EndGlobalSection
EndGlobal
